lockfileVersion: '6.1'

settings:
  autoInstallPeers: true
  excludeLinksFromLockfile: false

dependencies:
  aws-sdk:
    specifier: ^2.560.0
    version: 2.560.0
  axios:
    specifier: ^0.18.0
    version: 0.18.0

devDependencies:
  '@types/axios':
    specifier: ^0.14.4
    version: 0.14.4
  '@types/node':
    specifier: ^22.9.0
    version: 22.9.0
  typescript:
    specifier: ^5.6.3
    version: 5.6.3

packages:

  /@types/axios@0.14.4:
    resolution: {integrity: sha512-9JgOaunvQdsQ/qW2OPmE5+hCeUB52lQSolecrFrthct55QekhmXEwT203s20RL+UHtCQc15y3VXpby9E7Kkh/g==}
    deprecated: This is a stub types definition. axios provides its own type definitions, so you do not need this installed.
    dependencies:
      axios: 0.18.0
    transitivePeerDependencies:
      - debug
    dev: true

  /@types/node@22.9.0:
    resolution: {integrity: sha512-vuyHg81vvWA1Z1ELfvLko2c8f34gyA0zaic0+Rllc5lbCnbSyuvb2Oxpm6TAUAC/2xZN3QGqxBNggD1nNR2AfQ==}
    dependencies:
      undici-types: 6.19.8
    dev: true

  /aws-sdk@2.560.0:
    resolution: {integrity: sha512-OrePJS79p26JimjLKaIJrQPpDzknsClrB8uXv6NjVG/CseRi87XaNY5mJA5MhadZtaea11GxKhVd9NNRDYFgAg==}
    engines: {node: '>= 0.8.0'}
    dependencies:
      buffer: 4.9.1
      events: 1.1.1
      ieee754: 1.1.13
      jmespath: 0.15.0
      querystring: 0.2.0
      sax: 1.2.1
      url: 0.10.3
      uuid: 3.3.2
      xml2js: 0.4.19
    dev: false

  /axios@0.18.0:
    resolution: {integrity: sha512-14hgP2oTu6SPu+26Ofye6Se8u5Mmjc07a0ACHTJ5POKFU1Mtxz2IxSvaWy1O+QnbSa8XHy1gYz2E1l+G26XJdA==}
    deprecated: Critical security vulnerability fixed in v0.21.1. For more information, see https://github.com/axios/axios/pull/3410
    dependencies:
      follow-redirects: 1.15.9
      is-buffer: 1.1.6
    transitivePeerDependencies:
      - debug

  /base64-js@1.5.1:
    resolution: {integrity: sha512-AKpaYlHn8t4SVbOHCy+b5+KKgvR4vrsD8vbvrbiQJps7fKDTkjkDry6ji0rUJjC0kzbNePLwzxq8iypo41qeWA==}
    dev: false

  /buffer@4.9.1:
    resolution: {integrity: sha512-DNK4ruAqtyHaN8Zne7PkBTO+dD1Lr0YfTduMqlIyjvQIoztBkUxrvL+hKeLW8NXFKHOq/2upkxuoS9znQ9bW9A==}
    deprecated: This version of 'buffer' is out-of-date. You must update to v4.9.2 or newer
    dependencies:
      base64-js: 1.5.1
      ieee754: 1.1.13
      isarray: 1.0.0
    dev: false

  /events@1.1.1:
    resolution: {integrity: sha512-kEcvvCBByWXGnZy6JUlgAp2gBIUjfCAV6P6TgT1/aaQKcmuAEC4OZTV1I4EWQLz2gxZw76atuVyvHhTxvi0Flw==}
    engines: {node: '>=0.4.x'}
    dev: false

  /follow-redirects@1.15.9:
    resolution: {integrity: sha512-gew4GsXizNgdoRyqmyfMHyAmXsZDk6mHkSxZFCzW9gwlbtOW44CDtYavM+y+72qD/Vq2l550kMF52DT8fOLJqQ==}
    engines: {node: '>=4.0'}
    peerDependencies:
      debug: '*'
    peerDependenciesMeta:
      debug:
        optional: true

  /ieee754@1.1.13:
    resolution: {integrity: sha512-4vf7I2LYV/HaWerSo3XmlMkp5eZ83i+/CDluXi/IGTs/O1sejBNhTtnxzmRZfvOUqj7lZjqHkeTvpgSFDlWZTg==}
    dev: false

  /is-buffer@1.1.6:
    resolution: {integrity: sha512-NcdALwpXkTm5Zvvbk7owOUSvVvBKDgKP5/ewfXEznmQFfs4ZRmanOeKBTjRVjka3QFoN6XJ+9F3USqfHqTaU5w==}

  /isarray@1.0.0:
    resolution: {integrity: sha512-VLghIWNM6ELQzo7zwmcg0NmTVyWKYjvIeM83yjp0wRDTmUnrM678fQbcKBo6n2CJEF0szoG//ytg+TKla89ALQ==}
    dev: false

  /jmespath@0.15.0:
    resolution: {integrity: sha512-+kHj8HXArPfpPEKGLZ+kB5ONRTCiGQXo8RQYL0hH8t6pWXUBBK5KkkQmTNOwKK4LEsd0yTsgtjJVm4UBSZea4w==}
    engines: {node: '>= 0.6.0'}
    dev: false

  /punycode@1.3.2:
    resolution: {integrity: sha512-RofWgt/7fL5wP1Y7fxE7/EmTLzQVnB0ycyibJ0OOHIlJqTNzglYFxVwETOcIoJqJmpDXJ9xImDv+Fq34F/d4Dw==}
    dev: false

  /querystring@0.2.0:
    resolution: {integrity: sha512-X/xY82scca2tau62i9mDyU9K+I+djTMUsvwf7xnUX5GLvVzgJybOJf4Y6o9Zx3oJK/LSXg5tTZBjwzqVPaPO2g==}
    engines: {node: '>=0.4.x'}
    deprecated: The querystring API is considered Legacy. new code should use the URLSearchParams API instead.
    dev: false

  /sax@1.2.1:
    resolution: {integrity: sha512-8I2a3LovHTOpm7NV5yOyO8IHqgVsfK4+UuySrXU8YXkSRX7k6hCV9b3HrkKCr3nMpgj+0bmocaJJWpvp1oc7ZA==}
    dev: false

  /typescript@5.6.3:
    resolution: {integrity: sha512-hjcS1mhfuyi4WW8IWtjP7brDrG2cuDZukyrYrSauoXGNgx0S7zceP07adYkJycEr56BOUTNPzbInooiN3fn1qw==}
    engines: {node: '>=14.17'}
    hasBin: true
    dev: true

  /undici-types@6.19.8:
    resolution: {integrity: sha512-ve2KP6f/JnbPBFyobGHuerC9g1FYGn/F8n1LWTwNxCEzd6IfqTwUQcNXgEtmmQ6DlRrC1hrSrBnCZPokRrDHjw==}
    dev: true

  /url@0.10.3:
    resolution: {integrity: sha512-hzSUW2q06EqL1gKM/a+obYHLIO6ct2hwPuviqTTOcfFVc61UbfJ2Q32+uGL/HCPxKqrdGB5QUwIe7UqlDgwsOQ==}
    dependencies:
      punycode: 1.3.2
      querystring: 0.2.0
    dev: false

  /uuid@3.3.2:
    resolution: {integrity: sha512-yXJmeNaw3DnnKAOKJE51sL/ZaYfWJRl1pK9dr19YFCu0ObS231AB1/LbqTKRAQ5kw8A90rA6fr4riOUpTZvQZA==}
    deprecated: Please upgrade  to version 7 or higher.  Older versions may use Math.random() in certain circumstances, which is known to be problematic.  See https://v8.dev/blog/math-random for details.
    hasBin: true
    dev: false

  /xml2js@0.4.19:
    resolution: {integrity: sha512-esZnJZJOiJR9wWKMyuvSE1y6Dq5LCuJanqhxslH2bxM6duahNZ+HMpCLhBQGZkbX6xRf8x1Y2eJlgt2q3qo49Q==}
    dependencies:
      sax: 1.2.1
      xmlbuilder: 9.0.7
    dev: false

  /xmlbuilder@9.0.7:
    resolution: {integrity: sha512-7YXTQc3P2l9+0rjaUbLwMKRhtmwg1M1eDf6nag7urC7pIPYLD9W/jmzQ4ptRSUbodw5S0jfoGTflLemQibSpeQ==}
    engines: {node: '>=4.0'}
    dev: false
